
Microsoft Visual Studio Solution File, Format Version 12.00
# Visual Studio Version 16
VisualStudioVersion = 16.0.32106.194
MinimumVisualStudioVersion = 10.0.40219.1
Project("{FAE04EC0-301F-11D3-BF4B-00C04F79EFBC}") = "APIAssignment", "APIAssignment\APIAssignment.csproj", "{9EB213E3-B89E-42DE-A3DB-EE29CB4A18C1}"
EndProject
Global
	GlobalSection(SolutionConfigurationPlatforms) = preSolution
		Debug|Any CPU = Debug|Any CPU
		Release|Any CPU = Release|Any CPU
	EndGlobalSection
	GlobalSection(ProjectConfigurationPlatforms) = postSolution
		{9EB213E3-B89E-42DE-A3DB-EE29CB4A18C1}.Debug|Any CPU.ActiveCfg = Debug|Any CPU
		{9EB213E3-B89E-42DE-A3DB-EE29CB4A18C1}.Debug|Any CPU.Build.0 = Debug|Any CPU
		{9EB213E3-B89E-42DE-A3DB-EE29CB4A18C1}.Release|Any CPU.ActiveCfg = Release|Any CPU
		{9EB213E3-B89E-42DE-A3DB-EE29CB4A18C1}.Release|Any CPU.Build.0 = Release|Any CPU
	EndGlobalSection
	GlobalSection(SolutionProperties) = preSolution
		HideSolutionNode = FALSE
	EndGlobalSection
	GlobalSection(ExtensibilityGlobals) = postSolution
		SolutionGuid = {A9650C6A-BC3D-4832-9AB6-FB8E1170FEDB}
	EndGlobalSection
EndGlobal
